
Microsoft Visual Studio Solution File, Format Version 12.00
# Visual Studio Version 16
VisualStudioVersion = 16.0.31729.503
MinimumVisualStudioVersion = 10.0.40219.1
Project("{9A19103F-16F7-4668-BE54-9A1E7A4F7556}") = "ChadCalendar", "ChadCalendar\ChadCalendar.csproj", "{EE9E9119-24EC-4A31-8B22-A4D0111006D8}"
EndProject
Project("{9A19103F-16F7-4668-BE54-9A1E7A4F7556}") = "ChadWebCalendar", "ChadWebCalendar\ChadWebCalendar.csproj", "{D1732732-1670-4CEB-8D2F-8FD6D68E5628}"
EndProject
Global
	GlobalSection(SolutionConfigurationPlatforms) = preSolution
		Debug|Any CPU = Debug|Any CPU
		Release|Any CPU = Release|Any CPU
	EndGlobalSection
	GlobalSection(ProjectConfigurationPlatforms) = postSolution
		{EE9E9119-24EC-4A31-8B22-A4D0111006D8}.Debug|Any CPU.ActiveCfg = Debug|Any CPU
		{EE9E9119-24EC-4A31-8B22-A4D0111006D8}.Debug|Any CPU.Build.0 = Debug|Any CPU
		{EE9E9119-24EC-4A31-8B22-A4D0111006D8}.Release|Any CPU.ActiveCfg = Release|Any CPU
		{EE9E9119-24EC-4A31-8B22-A4D0111006D8}.Release|Any CPU.Build.0 = Release|Any CPU
		{D1732732-1670-4CEB-8D2F-8FD6D68E5628}.Debug|Any CPU.ActiveCfg = Debug|Any CPU
		{D1732732-1670-4CEB-8D2F-8FD6D68E5628}.Debug|Any CPU.Build.0 = Debug|Any CPU
		{D1732732-1670-4CEB-8D2F-8FD6D68E5628}.Release|Any CPU.ActiveCfg = Release|Any CPU
		{D1732732-1670-4CEB-8D2F-8FD6D68E5628}.Release|Any CPU.Build.0 = Release|Any CPU
	EndGlobalSection
	GlobalSection(SolutionProperties) = preSolution
		HideSolutionNode = FALSE
	EndGlobalSection
	GlobalSection(ExtensibilityGlobals) = postSolution
		SolutionGuid = {AB6BE3C6-371B-4150-840B-00B7E7A0010A}
	EndGlobalSection
EndGlobal
